
Microsoft Visual Studio Solution File, Format Version 12.00
# Visual Studio Version 17
VisualStudioVersion = 17.4.33213.308
MinimumVisualStudioVersion = 10.0.40219.1
Project("{9A19103F-16F7-4668-BE54-9A1E7A4F7556}") = "задания для аскара", "задания для аскара\задания для аскара.csproj", "{9ADCAE41-3872-475A-8313-B3555C119E29}"
EndProject
Project("{9A19103F-16F7-4668-BE54-9A1E7A4F7556}") = "задача 2", "задача 2\задача 2.csproj", "{1E28CDBA-C09E-44C2-A87C-B536A279CA86}"
EndProject
Project("{9A19103F-16F7-4668-BE54-9A1E7A4F7556}") = "задача 3", "задача 3\задача 3.csproj", "{B1FD6C3D-DEB3-4394-AFA5-F6812944981F}"
EndProject
Project("{FAE04EC0-301F-11D3-BF4B-00C04F79EFBC}") = "задача 4", "задача 4\задача 4.csproj", "{D5A10CA0-81FD-4A6A-B7BF-CF5D33418695}"
EndProject
Project("{FAE04EC0-301F-11D3-BF4B-00C04F79EFBC}") = "задача 6", "задача 6\задача 6.csproj", "{CFA28C22-9C57-4FA0-B40D-5337FAA852B6}"
EndProject
Project("{FAE04EC0-301F-11D3-BF4B-00C04F79EFBC}") = "задание 5", "задание 5\задание 5.csproj", "{C261BC32-F090-4C90-A0FE-068C8A21B6A3}"
EndProject
Project("{FAE04EC0-301F-11D3-BF4B-00C04F79EFBC}") = "задание 1", "задание 1\задание 1.csproj", "{16618724-0461-4C1C-B207-E4A0AF095222}"
EndProject
Global
	GlobalSection(SolutionConfigurationPlatforms) = preSolution
		Debug|Any CPU = Debug|Any CPU
		Release|Any CPU = Release|Any CPU
	EndGlobalSection
	GlobalSection(ProjectConfigurationPlatforms) = postSolution
		{9ADCAE41-3872-475A-8313-B3555C119E29}.Debug|Any CPU.ActiveCfg = Debug|Any CPU
		{9ADCAE41-3872-475A-8313-B3555C119E29}.Debug|Any CPU.Build.0 = Debug|Any CPU
		{9ADCAE41-3872-475A-8313-B3555C119E29}.Release|Any CPU.ActiveCfg = Release|Any CPU
		{9ADCAE41-3872-475A-8313-B3555C119E29}.Release|Any CPU.Build.0 = Release|Any CPU
		{1E28CDBA-C09E-44C2-A87C-B536A279CA86}.Debug|Any CPU.ActiveCfg = Debug|Any CPU
		{1E28CDBA-C09E-44C2-A87C-B536A279CA86}.Debug|Any CPU.Build.0 = Debug|Any CPU
		{1E28CDBA-C09E-44C2-A87C-B536A279CA86}.Release|Any CPU.ActiveCfg = Release|Any CPU
		{1E28CDBA-C09E-44C2-A87C-B536A279CA86}.Release|Any CPU.Build.0 = Release|Any CPU
		{B1FD6C3D-DEB3-4394-AFA5-F6812944981F}.Debug|Any CPU.ActiveCfg = Debug|Any CPU
		{B1FD6C3D-DEB3-4394-AFA5-F6812944981F}.Debug|Any CPU.Build.0 = Debug|Any CPU
		{B1FD6C3D-DEB3-4394-AFA5-F6812944981F}.Release|Any CPU.ActiveCfg = Release|Any CPU
		{B1FD6C3D-DEB3-4394-AFA5-F6812944981F}.Release|Any CPU.Build.0 = Release|Any CPU
		{D5A10CA0-81FD-4A6A-B7BF-CF5D33418695}.Debug|Any CPU.ActiveCfg = Debug|Any CPU
		{D5A10CA0-81FD-4A6A-B7BF-CF5D33418695}.Debug|Any CPU.Build.0 = Debug|Any CPU
		{D5A10CA0-81FD-4A6A-B7BF-CF5D33418695}.Release|Any CPU.ActiveCfg = Release|Any CPU
		{D5A10CA0-81FD-4A6A-B7BF-CF5D33418695}.Release|Any CPU.Build.0 = Release|Any CPU
		{CFA28C22-9C57-4FA0-B40D-5337FAA852B6}.Debug|Any CPU.ActiveCfg = Debug|Any CPU
		{CFA28C22-9C57-4FA0-B40D-5337FAA852B6}.Debug|Any CPU.Build.0 = Debug|Any CPU
		{CFA28C22-9C57-4FA0-B40D-5337FAA852B6}.Release|Any CPU.ActiveCfg = Release|Any CPU
		{CFA28C22-9C57-4FA0-B40D-5337FAA852B6}.Release|Any CPU.Build.0 = Release|Any CPU
		{C261BC32-F090-4C90-A0FE-068C8A21B6A3}.Debug|Any CPU.ActiveCfg = Debug|Any CPU
		{C261BC32-F090-4C90-A0FE-068C8A21B6A3}.Debug|Any CPU.Build.0 = Debug|Any CPU
		{C261BC32-F090-4C90-A0FE-068C8A21B6A3}.Release|Any CPU.ActiveCfg = Release|Any CPU
		{C261BC32-F090-4C90-A0FE-068C8A21B6A3}.Release|Any CPU.Build.0 = Release|Any CPU
		{16618724-0461-4C1C-B207-E4A0AF095222}.Debug|Any CPU.ActiveCfg = Debug|Any CPU
		{16618724-0461-4C1C-B207-E4A0AF095222}.Debug|Any CPU.Build.0 = Debug|Any CPU
		{16618724-0461-4C1C-B207-E4A0AF095222}.Release|Any CPU.ActiveCfg = Release|Any CPU
		{16618724-0461-4C1C-B207-E4A0AF095222}.Release|Any CPU.Build.0 = Release|Any CPU
	EndGlobalSection
	GlobalSection(SolutionProperties) = preSolution
		HideSolutionNode = FALSE
	EndGlobalSection
	GlobalSection(ExtensibilityGlobals) = postSolution
		SolutionGuid = {396FDAB7-8126-48B7-94C7-7D7C2B7D1D11}
	EndGlobalSection
EndGlobal
