
Microsoft Visual Studio Solution File, Format Version 12.00
# Visual Studio Version 17
VisualStudioVersion = 17.4.33213.308
MinimumVisualStudioVersion = 10.0.40219.1
Project("{FAE04EC0-301F-11D3-BF4B-00C04F79EFBC}") = "задания 7", "задания 7\задания 7.csproj", "{EB8A0897-198B-442F-B67B-F99A542B2CD3}"
EndProject
Project("{FAE04EC0-301F-11D3-BF4B-00C04F79EFBC}") = "задание 11", "задание 11\задание 11.csproj", "{2F9DA87C-0BF3-472B-81B5-E7D22784B067}"
EndProject
Project("{FAE04EC0-301F-11D3-BF4B-00C04F79EFBC}") = "задание 8", "задание 8\задание 8.csproj", "{762D6BF5-FFFC-4F59-940D-49187816DBA3}"
EndProject
Global
	GlobalSection(SolutionConfigurationPlatforms) = preSolution
		Debug|Any CPU = Debug|Any CPU
		Release|Any CPU = Release|Any CPU
	EndGlobalSection
	GlobalSection(ProjectConfigurationPlatforms) = postSolution
		{EB8A0897-198B-442F-B67B-F99A542B2CD3}.Debug|Any CPU.ActiveCfg = Debug|Any CPU
		{EB8A0897-198B-442F-B67B-F99A542B2CD3}.Debug|Any CPU.Build.0 = Debug|Any CPU
		{EB8A0897-198B-442F-B67B-F99A542B2CD3}.Release|Any CPU.ActiveCfg = Release|Any CPU
		{EB8A0897-198B-442F-B67B-F99A542B2CD3}.Release|Any CPU.Build.0 = Release|Any CPU
		{2F9DA87C-0BF3-472B-81B5-E7D22784B067}.Debug|Any CPU.ActiveCfg = Debug|Any CPU
		{2F9DA87C-0BF3-472B-81B5-E7D22784B067}.Debug|Any CPU.Build.0 = Debug|Any CPU
		{2F9DA87C-0BF3-472B-81B5-E7D22784B067}.Release|Any CPU.ActiveCfg = Release|Any CPU
		{2F9DA87C-0BF3-472B-81B5-E7D22784B067}.Release|Any CPU.Build.0 = Release|Any CPU
		{762D6BF5-FFFC-4F59-940D-49187816DBA3}.Debug|Any CPU.ActiveCfg = Debug|Any CPU
		{762D6BF5-FFFC-4F59-940D-49187816DBA3}.Debug|Any CPU.Build.0 = Debug|Any CPU
		{762D6BF5-FFFC-4F59-940D-49187816DBA3}.Release|Any CPU.ActiveCfg = Release|Any CPU
		{762D6BF5-FFFC-4F59-940D-49187816DBA3}.Release|Any CPU.Build.0 = Release|Any CPU
	EndGlobalSection
	GlobalSection(SolutionProperties) = preSolution
		HideSolutionNode = FALSE
	EndGlobalSection
	GlobalSection(ExtensibilityGlobals) = postSolution
		SolutionGuid = {3271EC31-C8FE-4CDF-9835-18B239467FCD}
	EndGlobalSection
EndGlobal
